
Microsoft Visual Studio Solution File, Format Version 12.00
# Visual Studio Version 17
VisualStudioVersion = 17.4.33213.308
MinimumVisualStudioVersion = 10.0.40219.1
Project("{FAE04EC0-301F-11D3-BF4B-00C04F79EFBC}") = "WPF_LoginUI", "WPF_LoginUI.csproj", "{4D8F4A83-981B-446B-AA28-D4EC43C95984}"
EndProject
Global
	GlobalSection(SolutionConfigurationPlatforms) = preSolution
		Debug|Any CPU = Debug|Any CPU
		Release|Any CPU = Release|Any CPU
	EndGlobalSection
	GlobalSection(ProjectConfigurationPlatforms) = postSolution
		{4D8F4A83-981B-446B-AA28-D4EC43C95984}.Debug|Any CPU.ActiveCfg = Debug|Any CPU
		{4D8F4A83-981B-446B-AA28-D4EC43C95984}.Debug|Any CPU.Build.0 = Debug|Any CPU
		{4D8F4A83-981B-446B-AA28-D4EC43C95984}.Release|Any CPU.ActiveCfg = Release|Any CPU
		{4D8F4A83-981B-446B-AA28-D4EC43C95984}.Release|Any CPU.Build.0 = Release|Any CPU
	EndGlobalSection
	GlobalSection(SolutionProperties) = preSolution
		HideSolutionNode = FALSE
	EndGlobalSection
	GlobalSection(ExtensibilityGlobals) = postSolution
		SolutionGuid = {058675F7-C13C-4010-856C-B0165BAF154D}
	EndGlobalSection
EndGlobal
